
Microsoft Visual Studio Solution File, Format Version 12.00
# Visual Studio Version 17
VisualStudioVersion = 17.4.33110.190
MinimumVisualStudioVersion = 10.0.40219.1
Project("{8BC9CEB8-8B4A-11D0-8D11-00A0C91BC942}") = "Sam and bam", "Sam and bam.vcxproj", "{D8179BC3-C7AC-4D64-BE54-DA53FA42F7A6}"
EndProject
Global
	GlobalSection(SolutionConfigurationPlatforms) = preSolution
		Debug|x64 = Debug|x64
		Debug|x86 = Debug|x86
		Release|x64 = Release|x64
		Release|x86 = Release|x86
	EndGlobalSection
	GlobalSection(ProjectConfigurationPlatforms) = postSolution
		{D8179BC3-C7AC-4D64-BE54-DA53FA42F7A6}.Debug|x64.ActiveCfg = Debug|x64
		{D8179BC3-C7AC-4D64-BE54-DA53FA42F7A6}.Debug|x64.Build.0 = Debug|x64
		{D8179BC3-C7AC-4D64-BE54-DA53FA42F7A6}.Debug|x86.ActiveCfg = Debug|Win32
		{D8179BC3-C7AC-4D64-BE54-DA53FA42F7A6}.Debug|x86.Build.0 = Debug|Win32
		{D8179BC3-C7AC-4D64-BE54-DA53FA42F7A6}.Release|x64.ActiveCfg = Release|x64
		{D8179BC3-C7AC-4D64-BE54-DA53FA42F7A6}.Release|x64.Build.0 = Release|x64
		{D8179BC3-C7AC-4D64-BE54-DA53FA42F7A6}.Release|x86.ActiveCfg = Release|Win32
		{D8179BC3-C7AC-4D64-BE54-DA53FA42F7A6}.Release|x86.Build.0 = Release|Win32
	EndGlobalSection
	GlobalSection(SolutionProperties) = preSolution
		HideSolutionNode = FALSE
	EndGlobalSection
	GlobalSection(ExtensibilityGlobals) = postSolution
		SolutionGuid = {4B75EB90-458D-46E3-BF0C-3FB9B596D482}
	EndGlobalSection
EndGlobal
